
Microsoft Visual Studio Solution File, Format Version 12.00
# Visual Studio Version 16
VisualStudioVersion = 16.0.30225.117
MinimumVisualStudioVersion = 10.0.40219.1
Project("{FAE04EC0-301F-11D3-BF4B-00C04F79EFBC}") = "HelloWorld", "HelloWorld.csproj", "{9F966DFD-40CF-4A7E-8A33-E5995145DE9A}"
EndProject
Project("{FAE04EC0-301F-11D3-BF4B-00C04F79EFBC}") = "WpfApplication1", "..\Chapter02\WpfApplication1\WpfApplication1.csproj", "{0DB3903A-E614-44D8-ADE9-A92EE727A61C}"
EndProject
Global
	GlobalSection(SolutionConfigurationPlatforms) = preSolution
		Debug|Any CPU = Debug|Any CPU
		Release|Any CPU = Release|Any CPU
	EndGlobalSection
	GlobalSection(ProjectConfigurationPlatforms) = postSolution
		{9F966DFD-40CF-4A7E-8A33-E5995145DE9A}.Debug|Any CPU.ActiveCfg = Debug|Any CPU
		{9F966DFD-40CF-4A7E-8A33-E5995145DE9A}.Debug|Any CPU.Build.0 = Debug|Any CPU
		{9F966DFD-40CF-4A7E-8A33-E5995145DE9A}.Release|Any CPU.ActiveCfg = Release|Any CPU
		{9F966DFD-40CF-4A7E-8A33-E5995145DE9A}.Release|Any CPU.Build.0 = Release|Any CPU
		{0DB3903A-E614-44D8-ADE9-A92EE727A61C}.Debug|Any CPU.ActiveCfg = Debug|Any CPU
		{0DB3903A-E614-44D8-ADE9-A92EE727A61C}.Debug|Any CPU.Build.0 = Debug|Any CPU
		{0DB3903A-E614-44D8-ADE9-A92EE727A61C}.Release|Any CPU.ActiveCfg = Release|Any CPU
		{0DB3903A-E614-44D8-ADE9-A92EE727A61C}.Release|Any CPU.Build.0 = Release|Any CPU
	EndGlobalSection
	GlobalSection(SolutionProperties) = preSolution
		HideSolutionNode = FALSE
	EndGlobalSection
	GlobalSection(ExtensibilityGlobals) = postSolution
		SolutionGuid = {58502457-429C-4299-92CE-9234DDD968FC}
	EndGlobalSection
EndGlobal
